
Microsoft Visual Studio Solution File, Format Version 12.00
# Visual Studio Version 17
VisualStudioVersion = 17.4.33213.308
MinimumVisualStudioVersion = 10.0.40219.1
Project("{FAE04EC0-301F-11D3-BF4B-00C04F79EFBC}") = "HotelBookingAPI", "HotelBookingAPI\HotelBookingAPI.csproj", "{A7DCCE9D-0420-47B5-A855-BF6B99A8DD4D}"
EndProject
Global
	GlobalSection(SolutionConfigurationPlatforms) = preSolution
		Debug|Any CPU = Debug|Any CPU
		Release|Any CPU = Release|Any CPU
	EndGlobalSection
	GlobalSection(ProjectConfigurationPlatforms) = postSolution
		{A7DCCE9D-0420-47B5-A855-BF6B99A8DD4D}.Debug|Any CPU.ActiveCfg = Debug|Any CPU
		{A7DCCE9D-0420-47B5-A855-BF6B99A8DD4D}.Debug|Any CPU.Build.0 = Debug|Any CPU
		{A7DCCE9D-0420-47B5-A855-BF6B99A8DD4D}.Release|Any CPU.ActiveCfg = Release|Any CPU
		{A7DCCE9D-0420-47B5-A855-BF6B99A8DD4D}.Release|Any CPU.Build.0 = Release|Any CPU
	EndGlobalSection
	GlobalSection(SolutionProperties) = preSolution
		HideSolutionNode = FALSE
	EndGlobalSection
	GlobalSection(ExtensibilityGlobals) = postSolution
		SolutionGuid = {955FBD6A-65DC-4D10-8742-97781E6A98B3}
	EndGlobalSection
EndGlobal
